// !$*UTF8*$!
{
	archiveVersion = 1;
	classes = {
	};
	objectVersion = 48;
	objects = {

/* Begin PBXBuildFile section */
		CF00623F1F9308DB00B3024C /* AppDelegate.m in Sources */ = {isa = PBXBuildFile; fileRef = CF00623E1F9308DB00B3024C /* AppDelegate.m */; };
		CF0062421F9308DB00B3024C /* ViewController.m in Sources */ = {isa = PBXBuildFile; fileRef = CF0062411F9308DB00B3024C /* ViewController.m */; };
		CF0062451F9308DB00B3024C /* Main.storyboard in Resources */ = {isa = PBXBuildFile; fileRef = CF0062431F9308DB00B3024C /* Main.storyboard */; };
		CF0062471F9308DB00B3024C /* Assets.xcassets in Resources */ = {isa = PBXBuildFile; fileRef = CF0062461F9308DB00B3024C /* Assets.xcassets */; };
		CF00624A1F9308DB00B3024C /* LaunchScreen.storyboard in Resources */ = {isa = PBXBuildFile; fileRef = CF0062481F9308DB00B3024C /* LaunchScreen.storyboard */; };
		CF00624D1F9308DB00B3024C /* main.m in Sources */ = {isa = PBXBuildFile; fileRef = CF00624C1F9308DB00B3024C /* main.m */; };
		CF0062571F9308DB00B3024C /* CameraTests.m in Sources */ = {isa = PBXBuildFile; fileRef = CF0062561F9308DB00B3024C /* CameraTests.m */; };
		CF0062621F9308DB00B3024C /* CameraUITests.m in Sources */ = {isa = PBXBuildFile; fileRef = CF0062611F9308DB00B3024C /* CameraUITests.m */; };
/* End PBXBuildFile section */

/* Begin PBXContainerItemProxy section */
		CF0062531F9308DB00B3024C /* PBXContainerItemProxy */ = {
			isa = PBXContainerItemProxy;
			containerPortal = CF0062321F9308DB00B3024C /* Project object */;
			proxyType = 1;
			remoteGlobalIDString = CF0062391F9308DB00B3024C;
			remoteInfo = Camera;
		};
		CF00625E1F9308DB00B3024C /* PBXContainerItemProxy */ = {
			isa = PBXContainerItemProxy;
			containerPortal = CF0062321F9308DB00B3024C /* Project object */;
			proxyType = 1;
			remoteGlobalIDString = CF0062391F9308DB00B3024C;
			remoteInfo = Camera;
		};
/* End PBXContainerItemProxy section */

/* Begin PBXFileReference section */
		CF00623A1F9308DB00B3024C /* Camera.app */ = {isa = PBXFileReference; explicitFileType = wrapper.application; includeInIndex = 0; path = Camera.app; sourceTree = BUILT_PRODUCTS_DIR; };
		CF00623D1F9308DB00B3024C /* AppDelegate.h */ = {isa = PBXFileReference; lastKnownFileType = sourcecode.c.h; path = AppDelegate.h; sourceTree = "<group>"; };
		CF00623E1F9308DB00B3024C /* AppDelegate.m */ = {isa = PBXFileReference; lastKnownFileType = sourcecode.c.objc; path = AppDelegate.m; sourceTree = "<group>"; };
		CF0062401F9308DB00B3024C /* ViewController.h */ = {isa = PBXFileReference; lastKnownFileType = sourcecode.c.h; path = ViewController.h; sourceTree = "<group>"; };
		CF0062411F9308DB00B3024C /* ViewController.m */ = {isa = PBXFileReference; lastKnownFileType = sourcecode.c.objc; path = ViewController.m; sourceTree = "<group>"; };
		CF0062441F9308DB00B3024C /* Base */ = {isa = PBXFileReference; lastKnownFileType = file.storyboard; name = Base; path = Base.lproj/Main.storyboard; sourceTree = "<group>"; };
		CF0062461F9308DB00B3024C /* Assets.xcassets */ = {isa = PBXFileReference; lastKnownFileType = folder.assetcatalog; path = Assets.xcassets; sourceTree = "<group>"; };
		CF0062491F9308DB00B3024C /* Base */ = {isa = PBXFileReference; lastKnownFileType = file.storyboard; name = Base; path = Base.lproj/LaunchScreen.storyboard; sourceTree = "<group>"; };
		CF00624B1F9308DB00B3024C /* Info.plist */ = {isa = PBXFileReference; lastKnownFileType = text.plist.xml; path = Info.plist; sourceTree = "<group>"; };
		CF00624C1F9308DB00B3024C /* main.m */ = {isa = PBXFileReference; lastKnownFileType = sourcecode.c.objc; path = main.m; sourceTree = "<group>"; };
		CF0062521F9308DB00B3024C /* CameraTests.xctest */ = {isa = PBXFileReference; explicitFileType = wrapper.cfbundle; includeInIndex = 0; path = CameraTests.xctest; sourceTree = BUILT_PRODUCTS_DIR; };
		CF0062561F9308DB00B3024C /* CameraTests.m */ = {isa = PBXFileReference; lastKnownFileType = sourcecode.c.objc; path = CameraTests.m; sourceTree = "<group>"; };
		CF0062581F9308DB00B3024C /* Info.plist */ = {isa = PBXFileReference; lastKnownFileType = text.plist.xml; path = Info.plist; sourceTree = "<group>"; };
		CF00625D1F9308DB00B3024C /* CameraUITests.xctest */ = {isa = PBXFileReference; explicitFileType = wrapper.cfbundle; includeInIndex = 0; path = CameraUITests.xctest; sourceTree = BUILT_PRODUCTS_DIR; };
		CF0062611F9308DB00B3024C /* CameraUITests.m */ = {isa = PBXFileReference; lastKnownFileType = sourcecode.c.objc; path = CameraUITests.m; sourceTree = "<group>"; };
		CF0062631F9308DB00B3024C /* Info.plist */ = {isa = PBXFileReference; lastKnownFileType = text.plist.xml; path = Info.plist; sourceTree = "<group>"; };
		CF0062711F930F1400B3024C /* Info.plist */ = {isa = PBXFileReference; lastKnownFileType = text.plist.xml; path = Info.plist; sourceTree = "<group>"; };
		CF0062721F930F1400B3024C /* MASCompositeConstraint.h */ = {isa = PBXFileReference; lastKnownFileType = sourcecode.c.h; path = MASCompositeConstraint.h; sourceTree = "<group>"; };
		CF0062731F930F1400B3024C /* MASCompositeConstraint.m */ = {isa = PBXFileReference; lastKnownFileType = sourcecode.c.objc; path = MASCompositeConstraint.m; sourceTree = "<group>"; };
		CF0062741F930F1400B3024C /* MASConstraint+Private.h */ = {isa = PBXFileReference; lastKnownFileType = sourcecode.c.h; path = "MASConstraint+Private.h"; sourceTree = "<group>"; };
		CF0062751F930F1400B3024C /* MASConstraint.h */ = {isa = PBXFileReference; lastKnownFileType = sourcecode.c.h; path = MASConstraint.h; sourceTree = "<group>"; };
		CF0062761F930F1400B3024C /* MASConstraint.m */ = {isa = PBXFileReference; lastKnownFileType = sourcecode.c.objc; path = MASConstraint.m; sourceTree = "<group>"; };
		CF0062771F930F1400B3024C /* MASConstraintMaker.h */ = {isa = PBXFileReference; lastKnownFileType = sourcecode.c.h; path = MASConstraintMaker.h; sourceTree = "<group>"; };
		CF0062781F930F1400B3024C /* MASConstraintMaker.m */ = {isa = PBXFileReference; lastKnownFileType = sourcecode.c.objc; path = MASConstraintMaker.m; sourceTree = "<group>"; };
		CF0062791F930F1400B3024C /* MASLayoutConstraint.h */ = {isa = PBXFileReference; lastKnownFileType = sourcecode.c.h; path = MASLayoutConstraint.h; sourceTree = "<group>"; };
		CF00627A1F930F1400B3024C /* MASLayoutConstraint.m */ = {isa = PBXFileReference; lastKnownFileType = sourcecode.c.objc; path = MASLayoutConstraint.m; sourceTree = "<group>"; };
		CF00627B1F930F1400B3024C /* Masonry.h */ = {isa = PBXFileReference; lastKnownFileType = sourcecode.c.h; path = Masonry.h; sourceTree = "<group>"; };
		CF00627C1F930F1400B3024C /* MASUtilities.h */ = {isa = PBXFileReference; lastKnownFileType = sourcecode.c.h; path = MASUtilities.h; sourceTree = "<group>"; };
		CF00627D1F930F1400B3024C /* MASViewAttribute.h */ = {isa = PBXFileReference; lastKnownFileType = sourcecode.c.h; path = MASViewAttribute.h; sourceTree = "<group>"; };
		CF00627E1F930F1400B3024C /* MASViewAttribute.m */ = {isa = PBXFileReference; lastKnownFileType = sourcecode.c.objc; path = MASViewAttribute.m; sourceTree = "<group>"; };
		CF00627F1F930F1400B3024C /* MASViewConstraint.h */ = {isa = PBXFileReference; lastKnownFileType = sourcecode.c.h; path = MASViewConstraint.h; sourceTree = "<group>"; };
		CF0062801F930F1400B3024C /* MASViewConstraint.m */ = {isa = PBXFileReference; lastKnownFileType = sourcecode.c.objc; path = MASViewConstraint.m; sourceTree = "<group>"; };
		CF0062811F930F1400B3024C /* NSArray+MASAdditions.h */ = {isa = PBXFileReference; lastKnownFileType = sourcecode.c.h; path = "NSArray+MASAdditions.h"; sourceTree = "<group>"; };
		CF0062821F930F1400B3024C /* NSArray+MASAdditions.m */ = {isa = PBXFileReference; lastKnownFileType = sourcecode.c.objc; path = "NSArray+MASAdditions.m"; sourceTree = "<group>"; };
		CF0062831F930F1400B3024C /* NSArray+MASShorthandAdditions.h */ = {isa = PBXFileReference; lastKnownFileType = sourcecode.c.h; path = "NSArray+MASShorthandAdditions.h"; sourceTree = "<group>"; };
		CF0062841F930F1400B3024C /* NSLayoutConstraint+MASDebugAdditions.h */ = {isa = PBXFileReference; lastKnownFileType = sourcecode.c.h; path = "NSLayoutConstraint+MASDebugAdditions.h"; sourceTree = "<group>"; };
		CF0062851F930F1400B3024C /* NSLayoutConstraint+MASDebugAdditions.m */ = {isa = PBXFileReference; lastKnownFileType = sourcecode.c.objc; path = "NSLayoutConstraint+MASDebugAdditions.m"; sourceTree = "<group>"; };
		CF0062861F930F1400B3024C /* View+MASAdditions.h */ = {isa = PBXFileReference; lastKnownFileType = sourcecode.c.h; path = "View+MASAdditions.h"; sourceTree = "<group>"; };
		CF0062871F930F1400B3024C /* View+MASAdditions.m */ = {isa = PBXFileReference; lastKnownFileType = sourcecode.c.objc; path = "View+MASAdditions.m"; sourceTree = "<group>"; };
		CF0062881F930F1400B3024C /* View+MASShorthandAdditions.h */ = {isa = PBXFileReference; lastKnownFileType = sourcecode.c.h; path = "View+MASShorthandAdditions.h"; sourceTree = "<group>"; };
		CF0062891F930F1400B3024C /* ViewController+MASAdditions.h */ = {isa = PBXFileReference; lastKnownFileType = sourcecode.c.h; path = "ViewController+MASAdditions.h"; sourceTree = "<group>"; };
		CF00628A1F930F1400B3024C /* ViewController+MASAdditions.m */ = {isa = PBXFileReference; lastKnownFileType = sourcecode.c.objc; path = "ViewController+MASAdditions.m"; sourceTree = "<group>"; };
		CF00628C1F930FA900B3024C /* module.modulemap */ = {isa = PBXFileReference; lastKnownFileType = "sourcecode.module-map"; path = module.modulemap; sourceTree = "<group>"; };
		CF00628D1F930FA900B3024C /* pop-ios-Info.plist */ = {isa = PBXFileReference; lastKnownFileType = text.plist.xml; path = "pop-ios-Info.plist"; sourceTree = "<group>"; };
		CF00628E1F930FA900B3024C /* pop-osx-Info.plist */ = {isa = PBXFileReference; lastKnownFileType = text.plist.xml; path = "pop-osx-Info.plist"; sourceTree = "<group>"; };
		CF00628F1F930FA900B3024C /* pop-tvos-Info.plist */ = {isa = PBXFileReference; lastKnownFileType = text.plist.xml; path = "pop-tvos-Info.plist"; sourceTree = "<group>"; };
		CF0062901F930FA900B3024C /* POP.h */ = {isa = PBXFileReference; lastKnownFileType = sourcecode.c.h; path = POP.h; sourceTree = "<group>"; };
		CF0062911F930FA900B3024C /* POPAction.h */ = {isa = PBXFileReference; lastKnownFileType = sourcecode.c.h; path = POPAction.h; sourceTree = "<group>"; };
		CF0062921F930FA900B3024C /* POPAnimatableProperty.h */ = {isa = PBXFileReference; lastKnownFileType = sourcecode.c.h; path = POPAnimatableProperty.h; sourceTree = "<group>"; };
		CF0062931F930FA900B3024C /* POPAnimatableProperty.mm */ = {isa = PBXFileReference; lastKnownFileType = sourcecode.cpp.objcpp; path = POPAnimatableProperty.mm; sourceTree = "<group>"; };
		CF0062941F930FA900B3024C /* POPAnimatablePropertyTypes.h */ = {isa = PBXFileReference; lastKnownFileType = sourcecode.c.h; path = POPAnimatablePropertyTypes.h; sourceTree = "<group>"; };
		CF0062951F930FA900B3024C /* POPAnimation.h */ = {isa = PBXFileReference; lastKnownFileType = sourcecode.c.h; path = POPAnimation.h; sourceTree = "<group>"; };
		CF0062961F930FA900B3024C /* POPAnimation.mm */ = {isa = PBXFileReference; lastKnownFileType = sourcecode.cpp.objcpp; path = POPAnimation.mm; sourceTree = "<group>"; };
		CF0062971F930FA900B3024C /* POPAnimationEvent.h */ = {isa = PBXFileReference; lastKnownFileType = sourcecode.c.h; path = POPAnimationEvent.h; sourceTree = "<group>"; };
		CF0062981F930FA900B3024C /* POPAnimationEvent.mm */ = {isa = PBXFileReference; lastKnownFileType = sourcecode.cpp.objcpp; path = POPAnimationEvent.mm; sourceTree = "<group>"; };
		CF0062991F930FA900B3024C /* POPAnimationEventInternal.h */ = {isa = PBXFileReference; lastKnownFileType = sourcecode.c.h; path = POPAnimationEventInternal.h; sourceTree = "<group>"; };
		CF00629A1F930FA900B3024C /* POPAnimationExtras.h */ = {isa = PBXFileReference; lastKnownFileType = sourcecode.c.h; path = POPAnimationExtras.h; sourceTree = "<group>"; };
		CF00629B1F930FA900B3024C /* POPAnimationExtras.mm */ = {isa = PBXFileReference; lastKnownFileType = sourcecode.cpp.objcpp; path = POPAnimationExtras.mm; sourceTree = "<group>"; };
		CF00629C1F930FA900B3024C /* POPAnimationInternal.h */ = {isa = PBXFileReference; lastKnownFileType = sourcecode.c.h; path = POPAnimationInternal.h; sourceTree = "<group>"; };
		CF00629D1F930FA900B3024C /* POPAnimationPrivate.h */ = {isa = PBXFileReference; lastKnownFileType = sourcecode.c.h; path = POPAnimationPrivate.h; sourceTree = "<group>"; };
		CF00629E1F930FA900B3024C /* POPAnimationRuntime.h */ = {isa = PBXFileReference; lastKnownFileType = sourcecode.c.h; path = POPAnimationRuntime.h; sourceTree = "<group>"; };
		CF00629F1F930FA900B3024C /* POPAnimationRuntime.mm */ = {isa = PBXFileReference; lastKnownFileType = sourcecode.cpp.objcpp; path = POPAnimationRuntime.mm; sourceTree = "<group>"; };
		CF0062A01F930FA900B3024C /* POPAnimationTracer.h */ = {isa = PBXFileReference; lastKnownFileType = sourcecode.c.h; path = POPAnimationTracer.h; sourceTree = "<group>"; };
		CF0062A11F930FA900B3024C /* POPAnimationTracer.mm */ = {isa = PBXFileReference; lastKnownFileType = sourcecode.cpp.objcpp; path = POPAnimationTracer.mm; sourceTree = "<group>"; };
		CF0062A21F930FA900B3024C /* POPAnimationTracerInternal.h */ = {isa = PBXFileReference; lastKnownFileType = sourcecode.c.h; path = POPAnimationTracerInternal.h; sourceTree = "<group>"; };
		CF0062A31F930FA900B3024C /* POPAnimator.h */ = {isa = PBXFileReference; lastKnownFileType = sourcecode.c.h; path = POPAnimator.h; sourceTree = "<group>"; };
		CF0062A41F930FA900B3024C /* POPAnimator.mm */ = {isa = PBXFileReference; lastKnownFileType = sourcecode.cpp.objcpp; path = POPAnimator.mm; sourceTree = "<group>"; };
		CF0062A51F930FA900B3024C /* POPAnimatorPrivate.h */ = {isa = PBXFileReference; lastKnownFileType = sourcecode.c.h; path = POPAnimatorPrivate.h; sourceTree = "<group>"; };
		CF0062A61F930FA900B3024C /* POPBasicAnimation.h */ = {isa = PBXFileReference; lastKnownFileType = sourcecode.c.h; path = POPBasicAnimation.h; sourceTree = "<group>"; };
		CF0062A71F930FA900B3024C /* POPBasicAnimation.mm */ = {isa = PBXFileReference; lastKnownFileType = sourcecode.cpp.objcpp; path = POPBasicAnimation.mm; sourceTree = "<group>"; };
		CF0062A81F930FA900B3024C /* POPBasicAnimationInternal.h */ = {isa = PBXFileReference; lastKnownFileType = sourcecode.c.h; path = POPBasicAnimationInternal.h; sourceTree = "<group>"; };
		CF0062A91F930FA900B3024C /* POPCGUtils.h */ = {isa = PBXFileReference; lastKnownFileType = sourcecode.c.h; path = POPCGUtils.h; sourceTree = "<group>"; };
		CF0062AA1F930FA900B3024C /* POPCGUtils.mm */ = {isa = PBXFileReference; lastKnownFileType = sourcecode.cpp.objcpp; path = POPCGUtils.mm; sourceTree = "<group>"; };
		CF0062AB1F930FA900B3024C /* POPCustomAnimation.h */ = {isa = PBXFileReference; lastKnownFileType = sourcecode.c.h; path = POPCustomAnimation.h; sourceTree = "<group>"; };
		CF0062AC1F930FA900B3024C /* POPCustomAnimation.mm */ = {isa = PBXFileReference; lastKnownFileType = sourcecode.cpp.objcpp; path = POPCustomAnimation.mm; sourceTree = "<group>"; };
		CF0062AD1F930FA900B3024C /* POPDecayAnimation.h */ = {isa = PBXFileReference; lastKnownFileType = sourcecode.c.h; path = POPDecayAnimation.h; sourceTree = "<group>"; };
		CF0062AE1F930FA900B3024C /* POPDecayAnimation.mm */ = {isa = PBXFileReference; lastKnownFileType = sourcecode.cpp.objcpp; path = POPDecayAnimation.mm; sourceTree = "<group>"; };
		CF0062AF1F930FA900B3024C /* POPDecayAnimationInternal.h */ = {isa = PBXFileReference; lastKnownFileType = sourcecode.c.h; path = POPDecayAnimationInternal.h; sourceTree = "<group>"; };
		CF0062B01F930FA900B3024C /* POPDefines.h */ = {isa = PBXFileReference; lastKnownFileType = sourcecode.c.h; path = POPDefines.h; sourceTree = "<group>"; };
		CF0062B11F930FA900B3024C /* POPGeometry.h */ = {isa = PBXFileReference; lastKnownFileType = sourcecode.c.h; path = POPGeometry.h; sourceTree = "<group>"; };
		CF0062B21F930FA900B3024C /* POPGeometry.mm */ = {isa = PBXFileReference; lastKnownFileType = sourcecode.cpp.objcpp; path = POPGeometry.mm; sourceTree = "<group>"; };
		CF0062B31F930FA900B3024C /* POPLayerExtras.h */ = {isa = PBXFileReference; lastKnownFileType = sourcecode.c.h; path = POPLayerExtras.h; sourceTree = "<group>"; };
		CF0062B41F930FA900B3024C /* POPLayerExtras.mm */ = {isa = PBXFileReference; lastKnownFileType = sourcecode.cpp.objcpp; path = POPLayerExtras.mm; sourceTree = "<group>"; };
		CF0062B51F930FA900B3024C /* POPMath.h */ = {isa = PBXFileReference; lastKnownFileType = sourcecode.c.h; path = POPMath.h; sourceTree = "<group>"; };
		CF0062B61F930FA900B3024C /* POPMath.mm */ = {isa = PBXFileReference; lastKnownFileType = sourcecode.cpp.objcpp; path = POPMath.mm; sourceTree = "<group>"; };
		CF0062B71F930FA900B3024C /* POPPropertyAnimation.h */ = {isa = PBXFileReference; lastKnownFileType = sourcecode.c.h; path = POPPropertyAnimation.h; sourceTree = "<group>"; };
		CF0062B81F930FA900B3024C /* POPPropertyAnimation.mm */ = {isa = PBXFileReference; lastKnownFileType = sourcecode.cpp.objcpp; path = POPPropertyAnimation.mm; sourceTree = "<group>"; };
		CF0062B91F930FA900B3024C /* POPPropertyAnimationInternal.h */ = {isa = PBXFileReference; lastKnownFileType = sourcecode.c.h; path = POPPropertyAnimationInternal.h; sourceTree = "<group>"; };
		CF0062BA1F930FA900B3024C /* POPSpringAnimation.h */ = {isa = PBXFileReference; lastKnownFileType = sourcecode.c.h; path = POPSpringAnimation.h; sourceTree = "<group>"; };
		CF0062BB1F930FA900B3024C /* POPSpringAnimation.mm */ = {isa = PBXFileReference; lastKnownFileType = sourcecode.cpp.objcpp; path = POPSpringAnimation.mm; sourceTree = "<group>"; };
		CF0062BC1F930FA900B3024C /* POPSpringAnimationInternal.h */ = {isa = PBXFileReference; lastKnownFileType = sourcecode.c.h; path = POPSpringAnimationInternal.h; sourceTree = "<group>"; };
		CF0062BD1F930FA900B3024C /* POPSpringSolver.h */ = {isa = PBXFileReference; lastKnownFileType = sourcecode.c.h; path = POPSpringSolver.h; sourceTree = "<group>"; };
		CF0062BE1F930FA900B3024C /* POPVector.h */ = {isa = PBXFileReference; lastKnownFileType = sourcecode.c.h; path = POPVector.h; sourceTree = "<group>"; };
		CF0062BF1F930FA900B3024C /* POPVector.mm */ = {isa = PBXFileReference; lastKnownFileType = sourcecode.cpp.objcpp; path = POPVector.mm; sourceTree = "<group>"; };
		CF0062C11F930FA900B3024C /* FloatConversion.h */ = {isa = PBXFileReference; lastKnownFileType = sourcecode.c.h; path = FloatConversion.h; sourceTree = "<group>"; };
		CF0062C21F930FA900B3024C /* TransformationMatrix.cpp */ = {isa = PBXFileReference; lastKnownFileType = sourcecode.cpp.cpp; path = TransformationMatrix.cpp; sourceTree = "<group>"; };
		CF0062C31F930FA900B3024C /* TransformationMatrix.h */ = {isa = PBXFileReference; lastKnownFileType = sourcecode.c.h; path = TransformationMatrix.h; sourceTree = "<group>"; };
		CF0062C41F930FA900B3024C /* UnitBezier.h */ = {isa = PBXFileReference; lastKnownFileType = sourcecode.c.h; path = UnitBezier.h; sourceTree = "<group>"; };
/* End PBXFileReference section */

/* Begin PBXFrameworksBuildPhase section */
		CF0062371F9308DB00B3024C /* Frameworks */ = {
			isa = PBXFrameworksBuildPhase;
			buildActionMask = 2147483647;
			files = (
			);
			runOnlyForDeploymentPostprocessing = 0;
		};
		CF00624F1F9308DB00B3024C /* Frameworks */ = {
			isa = PBXFrameworksBuildPhase;
			buildActionMask = 2147483647;
			files = (
			);
			runOnlyForDeploymentPostprocessing = 0;
		};
		CF00625A1F9308DB00B3024C /* Frameworks */ = {
			isa = PBXFrameworksBuildPhase;
			buildActionMask = 2147483647;
			files = (
			);
			runOnlyForDeploymentPostprocessing = 0;
		};
/* End PBXFrameworksBuildPhase section */

/* Begin PBXGroup section */
		CF0062311F9308DB00B3024C = {
			isa = PBXGroup;
			children = (
				CF00623C1F9308DB00B3024C /* Camera */,
				CF0062551F9308DB00B3024C /* CameraTests */,
				CF0062601F9308DB00B3024C /* CameraUITests */,
				CF00623B1F9308DB00B3024C /* Products */,
			);
			sourceTree = "<group>";
		};
		CF00623B1F9308DB00B3024C /* Products */ = {
			isa = PBXGroup;
			children = (
				CF00623A1F9308DB00B3024C /* Camera.app */,
				CF0062521F9308DB00B3024C /* CameraTests.xctest */,
				CF00625D1F9308DB00B3024C /* CameraUITests.xctest */,
			);
			name = Products;
			sourceTree = "<group>";
		};
		CF00623C1F9308DB00B3024C /* Camera */ = {
			isa = PBXGroup;
			children = (
				CF00623D1F9308DB00B3024C /* AppDelegate.h */,
				CF00623E1F9308DB00B3024C /* AppDelegate.m */,
				CF0062401F9308DB00B3024C /* ViewController.h */,
				CF0062411F9308DB00B3024C /* ViewController.m */,
				CF0062431F9308DB00B3024C /* Main.storyboard */,
				CF0062461F9308DB00B3024C /* Assets.xcassets */,
				CF0062481F9308DB00B3024C /* LaunchScreen.storyboard */,
				CF00624B1F9308DB00B3024C /* Info.plist */,
				CF00624C1F9308DB00B3024C /* main.m */,
				CF00626F1F930F0B00B3024C /* Other */,
			);
			path = Camera;
			sourceTree = "<group>";
		};
		CF0062551F9308DB00B3024C /* CameraTests */ = {
			isa = PBXGroup;
			children = (
				CF0062561F9308DB00B3024C /* CameraTests.m */,
				CF0062581F9308DB00B3024C /* Info.plist */,
			);
			path = CameraTests;
			sourceTree = "<group>";
		};
		CF0062601F9308DB00B3024C /* CameraUITests */ = {
			isa = PBXGroup;
			children = (
				CF0062611F9308DB00B3024C /* CameraUITests.m */,
				CF0062631F9308DB00B3024C /* Info.plist */,
			);
			path = CameraUITests;
			sourceTree = "<group>";
		};
		CF00626F1F930F0B00B3024C /* Other */ = {
			isa = PBXGroup;
			children = (
				CF00628B1F930FA900B3024C /* pop */,
				CF0062701F930F1400B3024C /* Masonry */,
			);
			path = Other;
			sourceTree = "<group>";
		};
		CF0062701F930F1400B3024C /* Masonry */ = {
			isa = PBXGroup;
			children = (
				CF0062711F930F1400B3024C /* Info.plist */,
				CF0062721F930F1400B3024C /* MASCompositeConstraint.h */,
				CF0062731F930F1400B3024C /* MASCompositeConstraint.m */,
				CF0062741F930F1400B3024C /* MASConstraint+Private.h */,
				CF0062751F930F1400B3024C /* MASConstraint.h */,
				CF0062761F930F1400B3024C /* MASConstraint.m */,
				CF0062771F930F1400B3024C /* MASConstraintMaker.h */,
				CF0062781F930F1400B3024C /* MASConstraintMaker.m */,
				CF0062791F930F1400B3024C /* MASLayoutConstraint.h */,
				CF00627A1F930F1400B3024C /* MASLayoutConstraint.m */,
				CF00627B1F930F1400B3024C /* Masonry.h */,
				CF00627C1F930F1400B3024C /* MASUtilities.h */,
				CF00627D1F930F1400B3024C /* MASViewAttribute.h */,
				CF00627E1F930F1400B3024C /* MASViewAttribute.m */,
				CF00627F1F930F1400B3024C /* MASViewConstraint.h */,
				CF0062801F930F1400B3024C /* MASViewConstraint.m */,
				CF0062811F930F1400B3024C /* NSArray+MASAdditions.h */,
				CF0062821F930F1400B3024C /* NSArray+MASAdditions.m */,
				CF0062831F930F1400B3024C /* NSArray+MASShorthandAdditions.h */,
				CF0062841F930F1400B3024C /* NSLayoutConstraint+MASDebugAdditions.h */,
				CF0062851F930F1400B3024C /* NSLayoutConstraint+MASDebugAdditions.m */,
				CF0062861F930F1400B3024C /* View+MASAdditions.h */,
				CF0062871F930F1400B3024C /* View+MASAdditions.m */,
				CF0062881F930F1400B3024C /* View+MASShorthandAdditions.h */,
				CF0062891F930F1400B3024C /* ViewController+MASAdditions.h */,
				CF00628A1F930F1400B3024C /* ViewController+MASAdditions.m */,
			);
			path = Masonry;
			sourceTree = "<group>";
		};
		CF00628B1F930FA900B3024C /* pop */ = {
			isa = PBXGroup;
			children = (
				CF00628C1F930FA900B3024C /* module.modulemap */,
				CF00628D1F930FA900B3024C /* pop-ios-Info.plist */,
				CF00628E1F930FA900B3024C /* pop-osx-Info.plist */,
				CF00628F1F930FA900B3024C /* pop-tvos-Info.plist */,
				CF0062901F930FA900B3024C /* POP.h */,
				CF0062911F930FA900B3024C /* POPAction.h */,
				CF0062921F930FA900B3024C /* POPAnimatableProperty.h */,
				CF0062931F930FA900B3024C /* POPAnimatableProperty.mm */,
				CF0062941F930FA900B3024C /* POPAnimatablePropertyTypes.h */,
				CF0062951F930FA900B3024C /* POPAnimation.h */,
				CF0062961F930FA900B3024C /* POPAnimation.mm */,
				CF0062971F930FA900B3024C /* POPAnimationEvent.h */,
				CF0062981F930FA900B3024C /* POPAnimationEvent.mm */,
				CF0062991F930FA900B3024C /* POPAnimationEventInternal.h */,
				CF00629A1F930FA900B3024C /* POPAnimationExtras.h */,
				CF00629B1F930FA900B3024C /* POPAnimationExtras.mm */,
				CF00629C1F930FA900B3024C /* POPAnimationInternal.h */,
				CF00629D1F930FA900B3024C /* POPAnimationPrivate.h */,
				CF00629E1F930FA900B3024C /* POPAnimationRuntime.h */,
				CF00629F1F930FA900B3024C /* POPAnimationRuntime.mm */,
				CF0062A01F930FA900B3024C /* POPAnimationTracer.h */,
				CF0062A11F930FA900B3024C /* POPAnimationTracer.mm */,
				CF0062A21F930FA900B3024C /* POPAnimationTracerInternal.h */,
				CF0062A31F930FA900B3024C /* POPAnimator.h */,
				CF0062A41F930FA900B3024C /* POPAnimator.mm */,
				CF0062A51F930FA900B3024C /* POPAnimatorPrivate.h */,
				CF0062A61F930FA900B3024C /* POPBasicAnimation.h */,
				CF0062A71F930FA900B3024C /* POPBasicAnimation.mm */,
				CF0062A81F930FA900B3024C /* POPBasicAnimationInternal.h */,
				CF0062A91F930FA900B3024C /* POPCGUtils.h */,
				CF0062AA1F930FA900B3024C /* POPCGUtils.mm */,
				CF0062AB1F930FA900B3024C /* POPCustomAnimation.h */,
				CF0062AC1F930FA900B3024C /* POPCustomAnimation.mm */,
				CF0062AD1F930FA900B3024C /* POPDecayAnimation.h */,
				CF0062AE1F930FA900B3024C /* POPDecayAnimation.mm */,
				CF0062AF1F930FA900B3024C /* POPDecayAnimationInternal.h */,
				CF0062B01F930FA900B3024C /* POPDefines.h */,
				CF0062B11F930FA900B3024C /* POPGeometry.h */,
				CF0062B21F930FA900B3024C /* POPGeometry.mm */,
				CF0062B31F930FA900B3024C /* POPLayerExtras.h */,
				CF0062B41F930FA900B3024C /* POPLayerExtras.mm */,
				CF0062B51F930FA900B3024C /* POPMath.h */,
				CF0062B61F930FA900B3024C /* POPMath.mm */,
				CF0062B71F930FA900B3024C /* POPPropertyAnimation.h */,
				CF0062B81F930FA900B3024C /* POPPropertyAnimation.mm */,
				CF0062B91F930FA900B3024C /* POPPropertyAnimationInternal.h */,
				CF0062BA1F930FA900B3024C /* POPSpringAnimation.h */,
				CF0062BB1F930FA900B3024C /* POPSpringAnimation.mm */,
				CF0062BC1F930FA900B3024C /* POPSpringAnimationInternal.h */,
				CF0062BD1F930FA900B3024C /* POPSpringSolver.h */,
				CF0062BE1F930FA900B3024C /* POPVector.h */,
				CF0062BF1F930FA900B3024C /* POPVector.mm */,
				CF0062C01F930FA900B3024C /* WebCore */,
			);
			path = pop;
			sourceTree = "<group>";
		};
		CF0062C01F930FA900B3024C /* WebCore */ = {
			isa = PBXGroup;
			children = (
				CF0062C11F930FA900B3024C /* FloatConversion.h */,
				CF0062C21F930FA900B3024C /* TransformationMatrix.cpp */,
				CF0062C31F930FA900B3024C /* TransformationMatrix.h */,
				CF0062C41F930FA900B3024C /* UnitBezier.h */,
			);
			path = WebCore;
			sourceTree = "<group>";
		};
/* End PBXGroup section */

/* Begin PBXNativeTarget section */
		CF0062391F9308DB00B3024C /* Camera */ = {
			isa = PBXNativeTarget;
			buildConfigurationList = CF0062661F9308DB00B3024C /* Build configuration list for PBXNativeTarget "Camera" */;
			buildPhases = (
				CF0062361F9308DB00B3024C /* Sources */,
				CF0062371F9308DB00B3024C /* Frameworks */,
				CF0062381F9308DB00B3024C /* Resources */,
			);
			buildRules = (
			);
			dependencies = (
			);
			name = Camera;
			productName = Camera;
			productReference = CF00623A1F9308DB00B3024C /* Camera.app */;
			productType = "com.apple.product-type.application";
		};
		CF0062511F9308DB00B3024C /* CameraTests */ = {
			isa = PBXNativeTarget;
			buildConfigurationList = CF0062691F9308DB00B3024C /* Build configuration list for PBXNativeTarget "CameraTests" */;
			buildPhases = (
				CF00624E1F9308DB00B3024C /* Sources */,
				CF00624F1F9308DB00B3024C /* Frameworks */,
				CF0062501F9308DB00B3024C /* Resources */,
			);
			buildRules = (
			);
			dependencies = (
				CF0062541F9308DB00B3024C /* PBXTargetDependency */,
			);
			name = CameraTests;
			productName = CameraTests;
			productReference = CF0062521F9308DB00B3024C /* CameraTests.xctest */;
			productType = "com.apple.product-type.bundle.unit-test";
		};
		CF00625C1F9308DB00B3024C /* CameraUITests */ = {
			isa = PBXNativeTarget;
			buildConfigurationList = CF00626C1F9308DB00B3024C /* Build configuration list for PBXNativeTarget "CameraUITests" */;
			buildPhases = (
				CF0062591F9308DB00B3024C /* Sources */,
				CF00625A1F9308DB00B3024C /* Frameworks */,
				CF00625B1F9308DB00B3024C /* Resources */,
			);
			buildRules = (
			);
			dependencies = (
				CF00625F1F9308DB00B3024C /* PBXTargetDependency */,
			);
			name = CameraUITests;
			productName = CameraUITests;
			productReference = CF00625D1F9308DB00B3024C /* CameraUITests.xctest */;
			productType = "com.apple.product-type.bundle.ui-testing";
		};
/* End PBXNativeTarget section */

/* Begin PBXProject section */
		CF0062321F9308DB00B3024C /* Project object */ = {
			isa = PBXProject;
			attributes = {
				LastUpgradeCheck = 0900;
				ORGANIZATIONNAME = superman;
				TargetAttributes = {
					CF0062391F9308DB00B3024C = {
						CreatedOnToolsVersion = 9.0;
						ProvisioningStyle = Automatic;
					};
					CF0062511F9308DB00B3024C = {
						CreatedOnToolsVersion = 9.0;
						ProvisioningStyle = Automatic;
						TestTargetID = CF0062391F9308DB00B3024C;
					};
					CF00625C1F9308DB00B3024C = {
						CreatedOnToolsVersion = 9.0;
						ProvisioningStyle = Automatic;
						TestTargetID = CF0062391F9308DB00B3024C;
					};
				};
			};
			buildConfigurationList = CF0062351F9308DB00B3024C /* Build configuration list for PBXProject "Camera" */;
			compatibilityVersion = "Xcode 8.0";
			developmentRegion = en;
			hasScannedForEncodings = 0;
			knownRegions = (
				en,
				Base,
			);
			mainGroup = CF0062311F9308DB00B3024C;
			productRefGroup = CF00623B1F9308DB00B3024C /* Products */;
			projectDirPath = "";
			projectRoot = "";
			targets = (
				CF0062391F9308DB00B3024C /* Camera */,
				CF0062511F9308DB00B3024C /* CameraTests */,
				CF00625C1F9308DB00B3024C /* CameraUITests */,
			);
		};
/* End PBXProject section */

/* Begin PBXResourcesBuildPhase section */
		CF0062381F9308DB00B3024C /* Resources */ = {
			isa = PBXResourcesBuildPhase;
			buildActionMask = 2147483647;
			files = (
				CF00624A1F9308DB00B3024C /* LaunchScreen.storyboard in Resources */,
				CF0062471F9308DB00B3024C /* Assets.xcassets in Resources */,
				CF0062451F9308DB00B3024C /* Main.storyboard in Resources */,
			);
			runOnlyForDeploymentPostprocessing = 0;
		};
		CF0062501F9308DB00B3024C /* Resources */ = {
			isa = PBXResourcesBuildPhase;
			buildActionMask = 2147483647;
			files = (
			);
			runOnlyForDeploymentPostprocessing = 0;
		};
		CF00625B1F9308DB00B3024C /* Resources */ = {
			isa = PBXResourcesBuildPhase;
			buildActionMask = 2147483647;
			files = (
			);
			runOnlyForDeploymentPostprocessing = 0;
		};
/* End PBXResourcesBuildPhase section */

/* Begin PBXSourcesBuildPhase section */
		CF0062361F9308DB00B3024C /* Sources */ = {
			isa = PBXSourcesBuildPhase;
			buildActionMask = 2147483647;
			files = (
				CF0062421F9308DB00B3024C /* ViewController.m in Sources */,
				CF00624D1F9308DB00B3024C /* main.m in Sources */,
				CF00623F1F9308DB00B3024C /* AppDelegate.m in Sources */,
			);
			runOnlyForDeploymentPostprocessing = 0;
		};
		CF00624E1F9308DB00B3024C /* Sources */ = {
			isa = PBXSourcesBuildPhase;
			buildActionMask = 2147483647;
			files = (
				CF0062571F9308DB00B3024C /* CameraTests.m in Sources */,
			);
			runOnlyForDeploymentPostprocessing = 0;
		};
		CF0062591F9308DB00B3024C /* Sources */ = {
			isa = PBXSourcesBuildPhase;
			buildActionMask = 2147483647;
			files = (
				CF0062621F9308DB00B3024C /* CameraUITests.m in Sources */,
			);
			runOnlyForDeploymentPostprocessing = 0;
		};
/* End PBXSourcesBuildPhase section */

/* Begin PBXTargetDependency section */
		CF0062541F9308DB00B3024C /* PBXTargetDependency */ = {
			isa = PBXTargetDependency;
			target = CF0062391F9308DB00B3024C /* Camera */;
			targetProxy = CF0062531F9308DB00B3024C /* PBXContainerItemProxy */;
		};
		CF00625F1F9308DB00B3024C /* PBXTargetDependency */ = {
			isa = PBXTargetDependency;
			target = CF0062391F9308DB00B3024C /* Camera */;
			targetProxy = CF00625E1F9308DB00B3024C /* PBXContainerItemProxy */;
		};
/* End PBXTargetDependency section */

/* Begin PBXVariantGroup section */
		CF0062431F9308DB00B3024C /* Main.storyboard */ = {
			isa = PBXVariantGroup;
			children = (
				CF0062441F9308DB00B3024C /* Base */,
			);
			name = Main.storyboard;
			sourceTree = "<group>";
		};
		CF0062481F9308DB00B3024C /* LaunchScreen.storyboard */ = {
			isa = PBXVariantGroup;
			children = (
				CF0062491F9308DB00B3024C /* Base */,
			);
			name = LaunchScreen.storyboard;
			sourceTree = "<group>";
		};
/* End PBXVariantGroup section */

/* Begin XCBuildConfiguration section */
		CF0062641F9308DB00B3024C /* Debug */ = {
			isa = XCBuildConfiguration;
			buildSettings = {
				ALWAYS_SEARCH_USER_PATHS = NO;
				CLANG_ANALYZER_NONNULL = YES;
				CLANG_ANALYZER_NUMBER_OBJECT_CONVERSION = YES_AGGRESSIVE;
				CLANG_CXX_LANGUAGE_STANDARD = "gnu++14";
				CLANG_CXX_LIBRARY = "libc++";
				CLANG_ENABLE_MODULES = YES;
				CLANG_ENABLE_OBJC_ARC = YES;
				CLANG_WARN_BLOCK_CAPTURE_AUTORELEASING = YES;
				CLANG_WARN_BOOL_CONVERSION = YES;
				CLANG_WARN_COMMA = YES;
				CLANG_WARN_CONSTANT_CONVERSION = YES;
				CLANG_WARN_DIRECT_OBJC_ISA_USAGE = YES_ERROR;
				CLANG_WARN_DOCUMENTATION_COMMENTS = YES;
				CLANG_WARN_EMPTY_BODY = YES;
				CLANG_WARN_ENUM_CONVERSION = YES;
				CLANG_WARN_INFINITE_RECURSION = YES;
				CLANG_WARN_INT_CONVERSION = YES;
				CLANG_WARN_NON_LITERAL_NULL_CONVERSION = YES;
				CLANG_WARN_OBJC_LITERAL_CONVERSION = YES;
				CLANG_WARN_OBJC_ROOT_CLASS = YES_ERROR;
				CLANG_WARN_RANGE_LOOP_ANALYSIS = YES;
				CLANG_WARN_STRICT_PROTOTYPES = YES;
				CLANG_WARN_SUSPICIOUS_MOVE = YES;
				CLANG_WARN_UNGUARDED_AVAILABILITY = YES_AGGRESSIVE;
				CLANG_WARN_UNREACHABLE_CODE = YES;
				CLANG_WARN__DUPLICATE_METHOD_MATCH = YES;
				CODE_SIGN_IDENTITY = "iPhone Developer";
				COPY_PHASE_STRIP = NO;
				DEBUG_INFORMATION_FORMAT = dwarf;
				ENABLE_STRICT_OBJC_MSGSEND = YES;
				ENABLE_TESTABILITY = YES;
				GCC_C_LANGUAGE_STANDARD = gnu11;
				GCC_DYNAMIC_NO_PIC = NO;
				GCC_NO_COMMON_BLOCKS = YES;
				GCC_OPTIMIZATION_LEVEL = 0;
				GCC_PREPROCESSOR_DEFINITIONS = (
					"DEBUG=1",
					"$(inherited)",
				);
				GCC_WARN_64_TO_32_BIT_CONVERSION = YES;
				GCC_WARN_ABOUT_RETURN_TYPE = YES_ERROR;
				GCC_WARN_UNDECLARED_SELECTOR = YES;
				GCC_WARN_UNINITIALIZED_AUTOS = YES_AGGRESSIVE;
				GCC_WARN_UNUSED_FUNCTION = YES;
				GCC_WARN_UNUSED_VARIABLE = YES;
				IPHONEOS_DEPLOYMENT_TARGET = 11.0;
				MTL_ENABLE_DEBUG_INFO = YES;
				ONLY_ACTIVE_ARCH = YES;
				SDKROOT = iphoneos;
			};
			name = Debug;
		};
		CF0062651F9308DB00B3024C /* Release */ = {
			isa = XCBuildConfiguration;
			buildSettings = {
				ALWAYS_SEARCH_USER_PATHS = NO;
				CLANG_ANALYZER_NONNULL = YES;
				CLANG_ANALYZER_NUMBER_OBJECT_CONVERSION = YES_AGGRESSIVE;
				CLANG_CXX_LANGUAGE_STANDARD = "gnu++14";
				CLANG_CXX_LIBRARY = "libc++";
				CLANG_ENABLE_MODULES = YES;
				CLANG_ENABLE_OBJC_ARC = YES;
				CLANG_WARN_BLOCK_CAPTURE_AUTORELEASING = YES;
				CLANG_WARN_BOOL_CONVERSION = YES;
				CLANG_WARN_COMMA = YES;
				CLANG_WARN_CONSTANT_CONVERSION = YES;
				CLANG_WARN_DIRECT_OBJC_ISA_USAGE = YES_ERROR;
				CLANG_WARN_DOCUMENTATION_COMMENTS = YES;
				CLANG_WARN_EMPTY_BODY = YES;
				CLANG_WARN_ENUM_CONVERSION = YES;
				CLANG_WARN_INFINITE_RECURSION = YES;
				CLANG_WARN_INT_CONVERSION = YES;
				CLANG_WARN_NON_LITERAL_NULL_CONVERSION = YES;
				CLANG_WARN_OBJC_LITERAL_CONVERSION = YES;
				CLANG_WARN_OBJC_ROOT_CLASS = YES_ERROR;
				CLANG_WARN_RANGE_LOOP_ANALYSIS = YES;
				CLANG_WARN_STRICT_PROTOTYPES = YES;
				CLANG_WARN_SUSPICIOUS_MOVE = YES;
				CLANG_WARN_UNGUARDED_AVAILABILITY = YES_AGGRESSIVE;
				CLANG_WARN_UNREACHABLE_CODE = YES;
				CLANG_WARN__DUPLICATE_METHOD_MATCH = YES;
				CODE_SIGN_IDENTITY = "iPhone Developer";
				COPY_PHASE_STRIP = NO;
				DEBUG_INFORMATION_FORMAT = "dwarf-with-dsym";
				ENABLE_NS_ASSERTIONS = NO;
				ENABLE_STRICT_OBJC_MSGSEND = YES;
				GCC_C_LANGUAGE_STANDARD = gnu11;
				GCC_NO_COMMON_BLOCKS = YES;
				GCC_WARN_64_TO_32_BIT_CONVERSION = YES;
				GCC_WARN_ABOUT_RETURN_TYPE = YES_ERROR;
				GCC_WARN_UNDECLARED_SELECTOR = YES;
				GCC_WARN_UNINITIALIZED_AUTOS = YES_AGGRESSIVE;
				GCC_WARN_UNUSED_FUNCTION = YES;
				GCC_WARN_UNUSED_VARIABLE = YES;
				IPHONEOS_DEPLOYMENT_TARGET = 11.0;
				MTL_ENABLE_DEBUG_INFO = NO;
				SDKROOT = iphoneos;
				VALIDATE_PRODUCT = YES;
			};
			name = Release;
		};
		CF0062671F9308DB00B3024C /* Debug */ = {
			isa = XCBuildConfiguration;
			buildSettings = {
				ASSETCATALOG_COMPILER_APPICON_NAME = AppIcon;
				CODE_SIGN_STYLE = Automatic;
				DEVELOPMENT_TEAM = TQ8G3JD23E;
				INFOPLIST_FILE = Camera/Info.plist;
				LD_RUNPATH_SEARCH_PATHS = "$(inherited) @executable_path/Frameworks";
				PRODUCT_BUNDLE_IDENTIFIER = com.superman.Camera;
				PRODUCT_NAME = "$(TARGET_NAME)";
				TARGETED_DEVICE_FAMILY = "1,2";
			};
			name = Debug;
		};
		CF0062681F9308DB00B3024C /* Release */ = {
			isa = XCBuildConfiguration;
			buildSettings = {
				ASSETCATALOG_COMPILER_APPICON_NAME = AppIcon;
				CODE_SIGN_STYLE = Automatic;
				DEVELOPMENT_TEAM = TQ8G3JD23E;
				INFOPLIST_FILE = Camera/Info.plist;
				LD_RUNPATH_SEARCH_PATHS = "$(inherited) @executable_path/Frameworks";
				PRODUCT_BUNDLE_IDENTIFIER = com.superman.Camera;
				PRODUCT_NAME = "$(TARGET_NAME)";
				TARGETED_DEVICE_FAMILY = "1,2";
			};
			name = Release;
		};
		CF00626A1F9308DB00B3024C /* Debug */ = {
			isa = XCBuildConfiguration;
			buildSettings = {
				BUNDLE_LOADER = "$(TEST_HOST)";
				CODE_SIGN_STYLE = Automatic;
				DEVELOPMENT_TEAM = TQ8G3JD23E;
				INFOPLIST_FILE = CameraTests/Info.plist;
				LD_RUNPATH_SEARCH_PATHS = "$(inherited) @executable_path/Frameworks @loader_path/Frameworks";
				PRODUCT_BUNDLE_IDENTIFIER = com.superman.CameraTests;
				PRODUCT_NAME = "$(TARGET_NAME)";
				TARGETED_DEVICE_FAMILY = "1,2";
				TEST_HOST = "$(BUILT_PRODUCTS_DIR)/Camera.app/Camera";
			};
			name = Debug;
		};
		CF00626B1F9308DB00B3024C /* Release */ = {
			isa = XCBuildConfiguration;
			buildSettings = {
				BUNDLE_LOADER = "$(TEST_HOST)";
				CODE_SIGN_STYLE = Automatic;
				DEVELOPMENT_TEAM = TQ8G3JD23E;
				INFOPLIST_FILE = CameraTests/Info.plist;
				LD_RUNPATH_SEARCH_PATHS = "$(inherited) @executable_path/Frameworks @loader_path/Frameworks";
				PRODUCT_BUNDLE_IDENTIFIER = com.superman.CameraTests;
				PRODUCT_NAME = "$(TARGET_NAME)";
				TARGETED_DEVICE_FAMILY = "1,2";
				TEST_HOST = "$(BUILT_PRODUCTS_DIR)/Camera.app/Camera";
			};
			name = Release;
		};
		CF00626D1F9308DB00B3024C /* Debug */ = {
			isa = XCBuildConfiguration;
			buildSettings = {
				CODE_SIGN_STYLE = Automatic;
				DEVELOPMENT_TEAM = TQ8G3JD23E;
				INFOPLIST_FILE = CameraUITests/Info.plist;
				LD_RUNPATH_SEARCH_PATHS = "$(inherited) @executable_path/Frameworks @loader_path/Frameworks";
				PRODUCT_BUNDLE_IDENTIFIER = com.superman.CameraUITests;
				PRODUCT_NAME = "$(TARGET_NAME)";
				TARGETED_DEVICE_FAMILY = "1,2";
				TEST_TARGET_NAME = Camera;
			};
			name = Debug;
		};
		CF00626E1F9308DB00B3024C /* Release */ = {
			isa = XCBuildConfiguration;
			buildSettings = {
				CODE_SIGN_STYLE = Automatic;
				DEVELOPMENT_TEAM = TQ8G3JD23E;
				INFOPLIST_FILE = CameraUITests/Info.plist;
				LD_RUNPATH_SEARCH_PATHS = "$(inherited) @executable_path/Frameworks @loader_path/Frameworks";
				PRODUCT_BUNDLE_IDENTIFIER = com.superman.CameraUITests;
				PRODUCT_NAME = "$(TARGET_NAME)";
				TARGETED_DEVICE_FAMILY = "1,2";
				TEST_TARGET_NAME = Camera;
			};
			name = Release;
		};
/* End XCBuildConfiguration section */

/* Begin XCConfigurationList section */
		CF0062351F9308DB00B3024C /* Build configuration list for PBXProject "Camera" */ = {
			isa = XCConfigurationList;
			buildConfigurations = (
				CF0062641F9308DB00B3024C /* Debug */,
				CF0062651F9308DB00B3024C /* Release */,
			);
			defaultConfigurationIsVisible = 0;
			defaultConfigurationName = Release;
		};
		CF0062661F9308DB00B3024C /* Build configuration list for PBXNativeTarget "Camera" */ = {
			isa = XCConfigurationList;
			buildConfigurations = (
				CF0062671F9308DB00B3024C /* Debug */,
				CF0062681F9308DB00B3024C /* Release */,
			);
			defaultConfigurationIsVisible = 0;
			defaultConfigurationName = Release;
		};
		CF0062691F9308DB00B3024C /* Build configuration list for PBXNativeTarget "CameraTests" */ = {
			isa = XCConfigurationList;
			buildConfigurations = (
				CF00626A1F9308DB00B3024C /* Debug */,
				CF00626B1F9308DB00B3024C /* Release */,
			);
			defaultConfigurationIsVisible = 0;
			defaultConfigurationName = Release;
		};
		CF00626C1F9308DB00B3024C /* Build configuration list for PBXNativeTarget "CameraUITests" */ = {
			isa = XCConfigurationList;
			buildConfigurations = (
				CF00626D1F9308DB00B3024C /* Debug */,
				CF00626E1F9308DB00B3024C /* Release */,
			);
			defaultConfigurationIsVisible = 0;
			defaultConfigurationName = Release;
		};
/* End XCConfigurationList section */
	};
	rootObject = CF0062321F9308DB00B3024C /* Project object */;
}
